// !$*UTF8*$!
{
	archiveVersion = 1;
	classes = {
	};
	objectVersion = 46;
	objects = {

/* Begin PBXBuildFile section */
		757C728813891DF600194EAC /* 12.png in Resources */ = {isa = PBXBuildFile; fileRef = 757C728713891DF600194EAC /* 12.png */; };
		75D26CA0138A0729004C4DCF /* ASIAuthenticationDialog.m in Sources */ = {isa = PBXBuildFile; fileRef = 75D26C91138A0729004C4DCF /* ASIAuthenticationDialog.m */; };
		75D26CA1138A0729004C4DCF /* ASIInputStream.m in Sources */ = {isa = PBXBuildFile; fileRef = 75D26C93138A0729004C4DCF /* ASIInputStream.m */; };
		75D26CA2138A0729004C4DCF /* ASIFormDataRequest.m in Sources */ = {isa = PBXBuildFile; fileRef = 75D26C95138A0729004C4DCF /* ASIFormDataRequest.m */; };
		75D26CA3138A0729004C4DCF /* ASIHTTPRequest.m in Sources */ = {isa = PBXBuildFile; fileRef = 75D26C97138A0729004C4DCF /* ASIHTTPRequest.m */; };
		75D26CA4138A0729004C4DCF /* ASINetworkQueue.m in Sources */ = {isa = PBXBuildFile; fileRef = 75D26C99138A0729004C4DCF /* ASINetworkQueue.m */; };
		75D26CA5138A0729004C4DCF /* ASIDownloadCache.m in Sources */ = {isa = PBXBuildFile; fileRef = 75D26C9B138A0729004C4DCF /* ASIDownloadCache.m */; };
		75D26CA6138A0729004C4DCF /* ASIDataDecompressor.m in Sources */ = {isa = PBXBuildFile; fileRef = 75D26C9D138A0729004C4DCF /* ASIDataDecompressor.m */; };
		75D26CA7138A0729004C4DCF /* ASIDataCompressor.m in Sources */ = {isa = PBXBuildFile; fileRef = 75D26C9F138A0729004C4DCF /* ASIDataCompressor.m */; };
		75D26CAA138A072E004C4DCF /* Reachability.m in Sources */ = {isa = PBXBuildFile; fileRef = 75D26CA9138A072E004C4DCF /* Reachability.m */; };
		75D26CAC138A07BE004C4DCF /* CFNetwork.framework in Frameworks */ = {isa = PBXBuildFile; fileRef = 75D26CAB138A07BE004C4DCF /* CFNetwork.framework */; };
		75D26CAE138A07ED004C4DCF /* SystemConfiguration.framework in Frameworks */ = {isa = PBXBuildFile; fileRef = 75D26CAD138A07ED004C4DCF /* SystemConfiguration.framework */; };
		75D26CB0138A0801004C4DCF /* MobileCoreServices.framework in Frameworks */ = {isa = PBXBuildFile; fileRef = 75D26CAF138A0801004C4DCF /* MobileCoreServices.framework */; };
		75D26CB3138A082F004C4DCF /* libz.1.2.3.dylib in Frameworks */ = {isa = PBXBuildFile; fileRef = 75D26CB2138A082F004C4DCF /* libz.1.2.3.dylib */; };
		75E80FA71386387E008ECA06 /* UIKit.framework in Frameworks */ = {isa = PBXBuildFile; fileRef = 75E80FA61386387E008ECA06 /* UIKit.framework */; };
		75E80FA91386387E008ECA06 /* Foundation.framework in Frameworks */ = {isa = PBXBuildFile; fileRef = 75E80FA81386387E008ECA06 /* Foundation.framework */; };
		75E80FAB1386387E008ECA06 /* CoreGraphics.framework in Frameworks */ = {isa = PBXBuildFile; fileRef = 75E80FAA1386387E008ECA06 /* CoreGraphics.framework */; };
		75E80FB11386387E008ECA06 /* InfoPlist.strings in Resources */ = {isa = PBXBuildFile; fileRef = 75E80FAF1386387E008ECA06 /* InfoPlist.strings */; };
		75E80FB41386387E008ECA06 /* main.m in Sources */ = {isa = PBXBuildFile; fileRef = 75E80FB31386387E008ECA06 /* main.m */; };
		75E80FB71386387E008ECA06 /* porsterAppDelegate.m in Sources */ = {isa = PBXBuildFile; fileRef = 75E80FB61386387E008ECA06 /* porsterAppDelegate.m */; };
		75E80FBA1386387E008ECA06 /* MainWindow.xib in Resources */ = {isa = PBXBuildFile; fileRef = 75E80FB81386387E008ECA06 /* MainWindow.xib */; };
		75E80FBD1386387E008ECA06 /* porsterViewController.m in Sources */ = {isa = PBXBuildFile; fileRef = 75E80FBC1386387E008ECA06 /* porsterViewController.m */; };
		75E80FC01386387E008ECA06 /* porsterViewController.xib in Resources */ = {isa = PBXBuildFile; fileRef = 75E80FBE1386387E008ECA06 /* porsterViewController.xib */; };
		75E80FC71386387E008ECA06 /* UIKit.framework in Frameworks */ = {isa = PBXBuildFile; fileRef = 75E80FA61386387E008ECA06 /* UIKit.framework */; };
		75E80FC81386387E008ECA06 /* Foundation.framework in Frameworks */ = {isa = PBXBuildFile; fileRef = 75E80FA81386387E008ECA06 /* Foundation.framework */; };
		75E80FC91386387E008ECA06 /* CoreGraphics.framework in Frameworks */ = {isa = PBXBuildFile; fileRef = 75E80FAA1386387E008ECA06 /* CoreGraphics.framework */; };
		75E80FD11386387F008ECA06 /* InfoPlist.strings in Resources */ = {isa = PBXBuildFile; fileRef = 75E80FCF1386387F008ECA06 /* InfoPlist.strings */; };
		75E80FD41386387F008ECA06 /* porsterTests.h in Resources */ = {isa = PBXBuildFile; fileRef = 75E80FD31386387F008ECA06 /* porsterTests.h */; };
		75E80FD61386387F008ECA06 /* porsterTests.m in Sources */ = {isa = PBXBuildFile; fileRef = 75E80FD51386387F008ECA06 /* porsterTests.m */; };
		75E81011138657E1008ECA06 /* IP.c in Sources */ = {isa = PBXBuildFile; fileRef = 75E8100F138657E1008ECA06 /* IP.c */; };
/* End PBXBuildFile section */

/* Begin PBXContainerItemProxy section */
		75E80FCA1386387E008ECA06 /* PBXContainerItemProxy */ = {
			isa = PBXContainerItemProxy;
			containerPortal = 75E80F991386387E008ECA06 /* Project object */;
			proxyType = 1;
			remoteGlobalIDString = 75E80FA11386387E008ECA06;
			remoteInfo = porster;
		};
/* End PBXContainerItemProxy section */

/* Begin PBXFileReference section */
		757C728713891DF600194EAC /* 12.png */ = {isa = PBXFileReference; lastKnownFileType = image.png; path = 12.png; sourceTree = "<group>"; };
		75D26C8C138A0729004C4DCF /* ASIHTTPRequestConfig.h */ = {isa = PBXFileReference; fileEncoding = 4; lastKnownFileType = sourcecode.c.h; path = ASIHTTPRequestConfig.h; sourceTree = "<group>"; };
		75D26C8D138A0729004C4DCF /* ASICacheDelegate.h */ = {isa = PBXFileReference; fileEncoding = 4; lastKnownFileType = sourcecode.c.h; path = ASICacheDelegate.h; sourceTree = "<group>"; };
		75D26C8E138A0729004C4DCF /* ASIHTTPRequestDelegate.h */ = {isa = PBXFileReference; fileEncoding = 4; lastKnownFileType = sourcecode.c.h; path = ASIHTTPRequestDelegate.h; sourceTree = "<group>"; };
		75D26C8F138A0729004C4DCF /* ASIProgressDelegate.h */ = {isa = PBXFileReference; fileEncoding = 4; lastKnownFileType = sourcecode.c.h; path = ASIProgressDelegate.h; sourceTree = "<group>"; };
		75D26C90138A0729004C4DCF /* ASIAuthenticationDialog.h */ = {isa = PBXFileReference; fileEncoding = 4; lastKnownFileType = sourcecode.c.h; path = ASIAuthenticationDialog.h; sourceTree = "<group>"; };
		75D26C91138A0729004C4DCF /* ASIAuthenticationDialog.m */ = {isa = PBXFileReference; fileEncoding = 4; lastKnownFileType = sourcecode.c.objc; path = ASIAuthenticationDialog.m; sourceTree = "<group>"; };
		75D26C92138A0729004C4DCF /* ASIInputStream.h */ = {isa = PBXFileReference; fileEncoding = 4; lastKnownFileType = sourcecode.c.h; path = ASIInputStream.h; sourceTree = "<group>"; };
		75D26C93138A0729004C4DCF /* ASIInputStream.m */ = {isa = PBXFileReference; fileEncoding = 4; lastKnownFileType = sourcecode.c.objc; path = ASIInputStream.m; sourceTree = "<group>"; };
		75D26C94138A0729004C4DCF /* ASIFormDataRequest.h */ = {isa = PBXFileReference; fileEncoding = 4; lastKnownFileType = sourcecode.c.h; path = ASIFormDataRequest.h; sourceTree = "<group>"; };
		75D26C95138A0729004C4DCF /* ASIFormDataRequest.m */ = {isa = PBXFileReference; fileEncoding = 4; lastKnownFileType = sourcecode.c.objc; path = ASIFormDataRequest.m; sourceTree = "<group>"; };
		75D26C96138A0729004C4DCF /* ASIHTTPRequest.h */ = {isa = PBXFileReference; fileEncoding = 4; lastKnownFileType = sourcecode.c.h; path = ASIHTTPRequest.h; sourceTree = "<group>"; };
		75D26C97138A0729004C4DCF /* ASIHTTPRequest.m */ = {isa = PBXFileReference; fileEncoding = 4; lastKnownFileType = sourcecode.c.objc; path = ASIHTTPRequest.m; sourceTree = "<group>"; };
		75D26C98138A0729004C4DCF /* ASINetworkQueue.h */ = {isa = PBXFileReference; fileEncoding = 4; lastKnownFileType = sourcecode.c.h; path = ASINetworkQueue.h; sourceTree = "<group>"; };
		75D26C99138A0729004C4DCF /* ASINetworkQueue.m */ = {isa = PBXFileReference; fileEncoding = 4; lastKnownFileType = sourcecode.c.objc; path = ASINetworkQueue.m; sourceTree = "<group>"; };
		75D26C9A138A0729004C4DCF /* ASIDownloadCache.h */ = {isa = PBXFileReference; fileEncoding = 4; lastKnownFileType = sourcecode.c.h; path = ASIDownloadCache.h; sourceTree = "<group>"; };
		75D26C9B138A0729004C4DCF /* ASIDownloadCache.m */ = {isa = PBXFileReference; fileEncoding = 4; lastKnownFileType = sourcecode.c.objc; path = ASIDownloadCache.m; sourceTree = "<group>"; };
		75D26C9C138A0729004C4DCF /* ASIDataDecompressor.h */ = {isa = PBXFileReference; fileEncoding = 4; lastKnownFileType = sourcecode.c.h; path = ASIDataDecompressor.h; sourceTree = "<group>"; };
		75D26C9D138A0729004C4DCF /* ASIDataDecompressor.m */ = {isa = PBXFileReference; fileEncoding = 4; lastKnownFileType = sourcecode.c.objc; path = ASIDataDecompressor.m; sourceTree = "<group>"; };
		75D26C9E138A0729004C4DCF /* ASIDataCompressor.h */ = {isa = PBXFileReference; fileEncoding = 4; lastKnownFileType = sourcecode.c.h; path = ASIDataCompressor.h; sourceTree = "<group>"; };
		75D26C9F138A0729004C4DCF /* ASIDataCompressor.m */ = {isa = PBXFileReference; fileEncoding = 4; lastKnownFileType = sourcecode.c.objc; path = ASIDataCompressor.m; sourceTree = "<group>"; };
		75D26CA8138A072E004C4DCF /* Reachability.h */ = {isa = PBXFileReference; fileEncoding = 4; lastKnownFileType = sourcecode.c.h; path = Reachability.h; sourceTree = "<group>"; };
		75D26CA9138A072E004C4DCF /* Reachability.m */ = {isa = PBXFileReference; fileEncoding = 4; lastKnownFileType = sourcecode.c.objc; path = Reachability.m; sourceTree = "<group>"; };
		75D26CAB138A07BE004C4DCF /* CFNetwork.framework */ = {isa = PBXFileReference; lastKnownFileType = wrapper.framework; name = CFNetwork.framework; path = System/Library/Frameworks/CFNetwork.framework; sourceTree = SDKROOT; };
		75D26CAD138A07ED004C4DCF /* SystemConfiguration.framework */ = {isa = PBXFileReference; lastKnownFileType = wrapper.framework; name = SystemConfiguration.framework; path = System/Library/Frameworks/SystemConfiguration.framework; sourceTree = SDKROOT; };
		75D26CAF138A0801004C4DCF /* MobileCoreServices.framework */ = {isa = PBXFileReference; lastKnownFileType = wrapper.framework; name = MobileCoreServices.framework; path = System/Library/Frameworks/MobileCoreServices.framework; sourceTree = SDKROOT; };
		75D26CB1138A0813004C4DCF /* CoreGraphics.framework */ = {isa = PBXFileReference; lastKnownFileType = wrapper.framework; name = CoreGraphics.framework; path = System/Library/Frameworks/CoreGraphics.framework; sourceTree = SDKROOT; };
		75D26CB2138A082F004C4DCF /* libz.1.2.3.dylib */ = {isa = PBXFileReference; lastKnownFileType = "compiled.mach-o.dylib"; name = libz.1.2.3.dylib; path = usr/lib/libz.1.2.3.dylib; sourceTree = SDKROOT; };
		75E80FA21386387E008ECA06 /* porster.app */ = {isa = PBXFileReference; explicitFileType = wrapper.application; includeInIndex = 0; path = porster.app; sourceTree = BUILT_PRODUCTS_DIR; };
		75E80FA61386387E008ECA06 /* UIKit.framework */ = {isa = PBXFileReference; lastKnownFileType = wrapper.framework; name = UIKit.framework; path = System/Library/Frameworks/UIKit.framework; sourceTree = SDKROOT; };
		75E80FA81386387E008ECA06 /* Foundation.framework */ = {isa = PBXFileReference; lastKnownFileType = wrapper.framework; name = Foundation.framework; path = System/Library/Frameworks/Foundation.framework; sourceTree = SDKROOT; };
		75E80FAA1386387E008ECA06 /* CoreGraphics.framework */ = {isa = PBXFileReference; lastKnownFileType = wrapper.framework; name = CoreGraphics.framework; path = System/Library/Frameworks/CoreGraphics.framework; sourceTree = SDKROOT; };
		75E80FAE1386387E008ECA06 /* porster-Info.plist */ = {isa = PBXFileReference; lastKnownFileType = text.plist.xml; path = "porster-Info.plist"; sourceTree = "<group>"; };
		75E80FB01386387E008ECA06 /* en */ = {isa = PBXFileReference; lastKnownFileType = text.plist.strings; name = en; path = en.lproj/InfoPlist.strings; sourceTree = "<group>"; };
		75E80FB21386387E008ECA06 /* porster-Prefix.pch */ = {isa = PBXFileReference; lastKnownFileType = sourcecode.c.h; path = "porster-Prefix.pch"; sourceTree = "<group>"; };
		75E80FB31386387E008ECA06 /* main.m */ = {isa = PBXFileReference; lastKnownFileType = sourcecode.c.objc; path = main.m; sourceTree = "<group>"; };
		75E80FB51386387E008ECA06 /* porsterAppDelegate.h */ = {isa = PBXFileReference; lastKnownFileType = sourcecode.c.h; path = porsterAppDelegate.h; sourceTree = "<group>"; };
		75E80FB61386387E008ECA06 /* porsterAppDelegate.m */ = {isa = PBXFileReference; lastKnownFileType = sourcecode.c.objc; path = porsterAppDelegate.m; sourceTree = "<group>"; };
		75E80FB91386387E008ECA06 /* en */ = {isa = PBXFileReference; lastKnownFileType = file.xib; name = en; path = en.lproj/MainWindow.xib; sourceTree = "<group>"; };
		75E80FBB1386387E008ECA06 /* porsterViewController.h */ = {isa = PBXFileReference; lastKnownFileType = sourcecode.c.h; path = porsterViewController.h; sourceTree = "<group>"; };
		75E80FBC1386387E008ECA06 /* porsterViewController.m */ = {isa = PBXFileReference; lastKnownFileType = sourcecode.c.objc; path = porsterViewController.m; sourceTree = "<group>"; };
		75E80FBF1386387E008ECA06 /* en */ = {isa = PBXFileReference; lastKnownFileType = file.xib; name = en; path = en.lproj/porsterViewController.xib; sourceTree = "<group>"; };
		75E80FC61386387E008ECA06 /* porsterTests.octest */ = {isa = PBXFileReference; explicitFileType = wrapper.cfbundle; includeInIndex = 0; path = porsterTests.octest; sourceTree = BUILT_PRODUCTS_DIR; };
		75E80FCE1386387E008ECA06 /* porsterTests-Info.plist */ = {isa = PBXFileReference; lastKnownFileType = text.plist.xml; path = "porsterTests-Info.plist"; sourceTree = "<group>"; };
		75E80FD01386387F008ECA06 /* en */ = {isa = PBXFileReference; lastKnownFileType = text.plist.strings; name = en; path = en.lproj/InfoPlist.strings; sourceTree = "<group>"; };
		75E80FD21386387F008ECA06 /* porsterTests-Prefix.pch */ = {isa = PBXFileReference; lastKnownFileType = sourcecode.c.h; path = "porsterTests-Prefix.pch"; sourceTree = "<group>"; };
		75E80FD31386387F008ECA06 /* porsterTests.h */ = {isa = PBXFileReference; lastKnownFileType = sourcecode.c.h; path = porsterTests.h; sourceTree = "<group>"; };
		75E80FD51386387F008ECA06 /* porsterTests.m */ = {isa = PBXFileReference; lastKnownFileType = sourcecode.c.objc; path = porsterTests.m; sourceTree = "<group>"; };
		75E8100F138657E1008ECA06 /* IP.c */ = {isa = PBXFileReference; fileEncoding = 4; lastKnownFileType = sourcecode.c.c; path = IP.c; sourceTree = "<group>"; };
		75E81010138657E1008ECA06 /* IP.h */ = {isa = PBXFileReference; fileEncoding = 4; lastKnownFileType = sourcecode.c.h; path = IP.h; sourceTree = "<group>"; };
/* End PBXFileReference section */

/* Begin PBXFrameworksBuildPhase section */
		75E80F9F1386387E008ECA06 /* Frameworks */ = {
			isa = PBXFrameworksBuildPhase;
			buildActionMask = 2147483647;
			files = (
				75D26CB3138A082F004C4DCF /* libz.1.2.3.dylib in Frameworks */,
				75E80FAB1386387E008ECA06 /* CoreGraphics.framework in Frameworks */,
				75D26CB0138A0801004C4DCF /* MobileCoreServices.framework in Frameworks */,
				75D26CAE138A07ED004C4DCF /* SystemConfiguration.framework in Frameworks */,
				75D26CAC138A07BE004C4DCF /* CFNetwork.framework in Frameworks */,
				75E80FA71386387E008ECA06 /* UIKit.framework in Frameworks */,
				75E80FA91386387E008ECA06 /* Foundation.framework in Frameworks */,
			);
			runOnlyForDeploymentPostprocessing = 0;
		};
		75E80FC21386387E008ECA06 /* Frameworks */ = {
			isa = PBXFrameworksBuildPhase;
			buildActionMask = 2147483647;
			files = (
				75E80FC71386387E008ECA06 /* UIKit.framework in Frameworks */,
				75E80FC81386387E008ECA06 /* Foundation.framework in Frameworks */,
				75E80FC91386387E008ECA06 /* CoreGraphics.framework in Frameworks */,
			);
			runOnlyForDeploymentPostprocessing = 0;
		};
/* End PBXFrameworksBuildPhase section */

/* Begin PBXGroup section */
		75D26C8B138A070A004C4DCF /* ASI */ = {
			isa = PBXGroup;
			children = (
				75D26CA8138A072E004C4DCF /* Reachability.h */,
				75D26CA9138A072E004C4DCF /* Reachability.m */,
				75D26C8C138A0729004C4DCF /* ASIHTTPRequestConfig.h */,
				75D26C8D138A0729004C4DCF /* ASICacheDelegate.h */,
				75D26C8E138A0729004C4DCF /* ASIHTTPRequestDelegate.h */,
				75D26C8F138A0729004C4DCF /* ASIProgressDelegate.h */,
				75D26C90138A0729004C4DCF /* ASIAuthenticationDialog.h */,
				75D26C91138A0729004C4DCF /* ASIAuthenticationDialog.m */,
				75D26C92138A0729004C4DCF /* ASIInputStream.h */,
				75D26C93138A0729004C4DCF /* ASIInputStream.m */,
				75D26C94138A0729004C4DCF /* ASIFormDataRequest.h */,
				75D26C95138A0729004C4DCF /* ASIFormDataRequest.m */,
				75D26C96138A0729004C4DCF /* ASIHTTPRequest.h */,
				75D26C97138A0729004C4DCF /* ASIHTTPRequest.m */,
				75D26C98138A0729004C4DCF /* ASINetworkQueue.h */,
				75D26C99138A0729004C4DCF /* ASINetworkQueue.m */,
				75D26C9A138A0729004C4DCF /* ASIDownloadCache.h */,
				75D26C9B138A0729004C4DCF /* ASIDownloadCache.m */,
				75D26C9C138A0729004C4DCF /* ASIDataDecompressor.h */,
				75D26C9D138A0729004C4DCF /* ASIDataDecompressor.m */,
				75D26C9E138A0729004C4DCF /* ASIDataCompressor.h */,
				75D26C9F138A0729004C4DCF /* ASIDataCompressor.m */,
			);
			name = ASI;
			sourceTree = "<group>";
		};
		75E80F971386387E008ECA06 = {
			isa = PBXGroup;
			children = (
				75D26CB2138A082F004C4DCF /* libz.1.2.3.dylib */,
				75D26CB1138A0813004C4DCF /* CoreGraphics.framework */,
				75D26CAF138A0801004C4DCF /* MobileCoreServices.framework */,
				75D26CAD138A07ED004C4DCF /* SystemConfiguration.framework */,
				75D26CAB138A07BE004C4DCF /* CFNetwork.framework */,
				75D26C8B138A070A004C4DCF /* ASI */,
				75E80FAC1386387E008ECA06 /* porster */,
				75E80FCC1386387E008ECA06 /* porsterTests */,
				75E80FA51386387E008ECA06 /* Frameworks */,
				75E80FA31386387E008ECA06 /* Products */,
			);
			sourceTree = "<group>";
		};
		75E80FA31386387E008ECA06 /* Products */ = {
			isa = PBXGroup;
			children = (
				75E80FA21386387E008ECA06 /* porster.app */,
				75E80FC61386387E008ECA06 /* porsterTests.octest */,
			);
			name = Products;
			sourceTree = "<group>";
		};
		75E80FA51386387E008ECA06 /* Frameworks */ = {
			isa = PBXGroup;
			children = (
				75E80FA61386387E008ECA06 /* UIKit.framework */,
				75E80FA81386387E008ECA06 /* Foundation.framework */,
				75E80FAA1386387E008ECA06 /* CoreGraphics.framework */,
			);
			name = Frameworks;
			sourceTree = "<group>";
		};
		75E80FAC1386387E008ECA06 /* porster */ = {
			isa = PBXGroup;
			children = (
				75E80FB51386387E008ECA06 /* porsterAppDelegate.h */,
				75E80FB61386387E008ECA06 /* porsterAppDelegate.m */,
				75E80FB81386387E008ECA06 /* MainWindow.xib */,
				75E80FBB1386387E008ECA06 /* porsterViewController.h */,
				75E80FBC1386387E008ECA06 /* porsterViewController.m */,
				75E80FBE1386387E008ECA06 /* porsterViewController.xib */,
				75E80FAD1386387E008ECA06 /* Supporting Files */,
				75E8100F138657E1008ECA06 /* IP.c */,
				75E81010138657E1008ECA06 /* IP.h */,
			);
			path = porster;
			sourceTree = "<group>";
		};
		75E80FAD1386387E008ECA06 /* Supporting Files */ = {
			isa = PBXGroup;
			children = (
				75E80FAE1386387E008ECA06 /* porster-Info.plist */,
				75E80FAF1386387E008ECA06 /* InfoPlist.strings */,
				75E80FB21386387E008ECA06 /* porster-Prefix.pch */,
				75E80FB31386387E008ECA06 /* main.m */,
			);
			name = "Supporting Files";
			sourceTree = "<group>";
		};
		75E80FCC1386387E008ECA06 /* porsterTests */ = {
			isa = PBXGroup;
			children = (
				757C728713891DF600194EAC /* 12.png */,
				75E80FD31386387F008ECA06 /* porsterTests.h */,
				75E80FD51386387F008ECA06 /* porsterTests.m */,
				75E80FCD1386387E008ECA06 /* Supporting Files */,
			);
			path = porsterTests;
			sourceTree = "<group>";
		};
		75E80FCD1386387E008ECA06 /* Supporting Files */ = {
			isa = PBXGroup;
			children = (
				75E80FCE1386387E008ECA06 /* porsterTests-Info.plist */,
				75E80FCF1386387F008ECA06 /* InfoPlist.strings */,
				75E80FD21386387F008ECA06 /* porsterTests-Prefix.pch */,
			);
			name = "Supporting Files";
			sourceTree = "<group>";
		};
/* End PBXGroup section */

/* Begin PBXNativeTarget section */
		75E80FA11386387E008ECA06 /* porster */ = {
			isa = PBXNativeTarget;
			buildConfigurationList = 75E80FD91386387F008ECA06 /* Build configuration list for PBXNativeTarget "porster" */;
			buildPhases = (
				75E80F9E1386387E008ECA06 /* Sources */,
				75E80F9F1386387E008ECA06 /* Frameworks */,
				75E80FA01386387E008ECA06 /* Resources */,
			);
			buildRules = (
			);
			dependencies = (
			);
			name = porster;
			productName = porster;
			productReference = 75E80FA21386387E008ECA06 /* porster.app */;
			productType = "com.apple.product-type.application";
		};
		75E80FC51386387E008ECA06 /* porsterTests */ = {
			isa = PBXNativeTarget;
			buildConfigurationList = 75E80FDC1386387F008ECA06 /* Build configuration list for PBXNativeTarget "porsterTests" */;
			buildPhases = (
				75E80FC11386387E008ECA06 /* Sources */,
				75E80FC21386387E008ECA06 /* Frameworks */,
				75E80FC31386387E008ECA06 /* Resources */,
				75E80FC41386387E008ECA06 /* ShellScript */,
			);
			buildRules = (
			);
			dependencies = (
				75E80FCB1386387E008ECA06 /* PBXTargetDependency */,
			);
			name = porsterTests;
			productName = porsterTests;
			productReference = 75E80FC61386387E008ECA06 /* porsterTests.octest */;
			productType = "com.apple.product-type.bundle";
		};
/* End PBXNativeTarget section */

/* Begin PBXProject section */
		75E80F991386387E008ECA06 /* Project object */ = {
			isa = PBXProject;
			buildConfigurationList = 75E80F9C1386387E008ECA06 /* Build configuration list for PBXProject "porster" */;
			compatibilityVersion = "Xcode 3.2";
			developmentRegion = English;
			hasScannedForEncodings = 0;
			knownRegions = (
				en,
				English,
			);
			mainGroup = 75E80F971386387E008ECA06;
			productRefGroup = 75E80FA31386387E008ECA06 /* Products */;
			projectDirPath = "";
			projectRoot = "";
			targets = (
				75E80FA11386387E008ECA06 /* porster */,
				75E80FC51386387E008ECA06 /* porsterTests */,
			);
		};
/* End PBXProject section */

/* Begin PBXResourcesBuildPhase section */
		75E80FA01386387E008ECA06 /* Resources */ = {
			isa = PBXResourcesBuildPhase;
			buildActionMask = 2147483647;
			files = (
				75E80FB11386387E008ECA06 /* InfoPlist.strings in Resources */,
				75E80FBA1386387E008ECA06 /* MainWindow.xib in Resources */,
				75E80FC01386387E008ECA06 /* porsterViewController.xib in Resources */,
				757C728813891DF600194EAC /* 12.png in Resources */,
			);
			runOnlyForDeploymentPostprocessing = 0;
		};
		75E80FC31386387E008ECA06 /* Resources */ = {
			isa = PBXResourcesBuildPhase;
			buildActionMask = 2147483647;
			files = (
				75E80FD11386387F008ECA06 /* InfoPlist.strings in Resources */,
				75E80FD41386387F008ECA06 /* porsterTests.h in Resources */,
			);
			runOnlyForDeploymentPostprocessing = 0;
		};
/* End PBXResourcesBuildPhase section */

/* Begin PBXShellScriptBuildPhase section */
		75E80FC41386387E008ECA06 /* ShellScript */ = {
			isa = PBXShellScriptBuildPhase;
			buildActionMask = 2147483647;
			files = (
			);
			inputPaths = (
			);
			outputPaths = (
			);
			runOnlyForDeploymentPostprocessing = 0;
			shellPath = /bin/sh;
			shellScript = "# Run the unit tests in this test bundle.\n\"${SYSTEM_DEVELOPER_DIR}/Tools/RunUnitTests\"\n";
		};
/* End PBXShellScriptBuildPhase section */

/* Begin PBXSourcesBuildPhase section */
		75E80F9E1386387E008ECA06 /* Sources */ = {
			isa = PBXSourcesBuildPhase;
			buildActionMask = 2147483647;
			files = (
				75E80FB41386387E008ECA06 /* main.m in Sources */,
				75E80FB71386387E008ECA06 /* porsterAppDelegate.m in Sources */,
				75E80FBD1386387E008ECA06 /* porsterViewController.m in Sources */,
				75E81011138657E1008ECA06 /* IP.c in Sources */,
				75D26CA0138A0729004C4DCF /* ASIAuthenticationDialog.m in Sources */,
				75D26CA1138A0729004C4DCF /* ASIInputStream.m in Sources */,
				75D26CA2138A0729004C4DCF /* ASIFormDataRequest.m in Sources */,
				75D26CA3138A0729004C4DCF /* ASIHTTPRequest.m in Sources */,
				75D26CA4138A0729004C4DCF /* ASINetworkQueue.m in Sources */,
				75D26CA5138A0729004C4DCF /* ASIDownloadCache.m in Sources */,
				75D26CA6138A0729004C4DCF /* ASIDataDecompressor.m in Sources */,
				75D26CA7138A0729004C4DCF /* ASIDataCompressor.m in Sources */,
				75D26CAA138A072E004C4DCF /* Reachability.m in Sources */,
			);
			runOnlyForDeploymentPostprocessing = 0;
		};
		75E80FC11386387E008ECA06 /* Sources */ = {
			isa = PBXSourcesBuildPhase;
			buildActionMask = 2147483647;
			files = (
				75E80FD61386387F008ECA06 /* porsterTests.m in Sources */,
			);
			runOnlyForDeploymentPostprocessing = 0;
		};
/* End PBXSourcesBuildPhase section */

/* Begin PBXTargetDependency section */
		75E80FCB1386387E008ECA06 /* PBXTargetDependency */ = {
			isa = PBXTargetDependency;
			target = 75E80FA11386387E008ECA06 /* porster */;
			targetProxy = 75E80FCA1386387E008ECA06 /* PBXContainerItemProxy */;
		};
/* End PBXTargetDependency section */

/* Begin PBXVariantGroup section */
		75E80FAF1386387E008ECA06 /* InfoPlist.strings */ = {
			isa = PBXVariantGroup;
			children = (
				75E80FB01386387E008ECA06 /* en */,
			);
			name = InfoPlist.strings;
			sourceTree = "<group>";
		};
		75E80FB81386387E008ECA06 /* MainWindow.xib */ = {
			isa = PBXVariantGroup;
			children = (
				75E80FB91386387E008ECA06 /* en */,
			);
			name = MainWindow.xib;
			sourceTree = "<group>";
		};
		75E80FBE1386387E008ECA06 /* porsterViewController.xib */ = {
			isa = PBXVariantGroup;
			children = (
				75E80FBF1386387E008ECA06 /* en */,
			);
			name = porsterViewController.xib;
			sourceTree = "<group>";
		};
		75E80FCF1386387F008ECA06 /* InfoPlist.strings */ = {
			isa = PBXVariantGroup;
			children = (
				75E80FD01386387F008ECA06 /* en */,
			);
			name = InfoPlist.strings;
			sourceTree = "<group>";
		};
/* End PBXVariantGroup section */

/* Begin XCBuildConfiguration section */
		75E80FD71386387F008ECA06 /* Debug */ = {
			isa = XCBuildConfiguration;
			buildSettings = {
				ARCHS = "$(ARCHS_STANDARD_32_BIT)";
				"CODE_SIGN_IDENTITY[sdk=iphoneos*]" = "iPhone Developer";
				GCC_C_LANGUAGE_STANDARD = gnu99;
				GCC_OPTIMIZATION_LEVEL = 0;
				GCC_PREPROCESSOR_DEFINITIONS = DEBUG;
				GCC_SYMBOLS_PRIVATE_EXTERN = NO;
				GCC_VERSION = com.apple.compilers.llvmgcc42;
				GCC_WARN_ABOUT_RETURN_TYPE = YES;
				GCC_WARN_UNUSED_VARIABLE = YES;
				IPHONEOS_DEPLOYMENT_TARGET = 4.3;
				SDKROOT = iphoneos;
			};
			name = Debug;
		};
		75E80FD81386387F008ECA06 /* Release */ = {
			isa = XCBuildConfiguration;
			buildSettings = {
				ARCHS = "$(ARCHS_STANDARD_32_BIT)";
				"CODE_SIGN_IDENTITY[sdk=iphoneos*]" = "iPhone Developer";
				GCC_C_LANGUAGE_STANDARD = gnu99;
				GCC_VERSION = com.apple.compilers.llvmgcc42;
				GCC_WARN_ABOUT_RETURN_TYPE = YES;
				GCC_WARN_UNUSED_VARIABLE = YES;
				IPHONEOS_DEPLOYMENT_TARGET = 4.3;
				OTHER_CFLAGS = "-DNS_BLOCK_ASSERTIONS=1";
				SDKROOT = iphoneos;
			};
			name = Release;
		};
		75E80FDA1386387F008ECA06 /* Debug */ = {
			isa = XCBuildConfiguration;
			buildSettings = {
				ALWAYS_SEARCH_USER_PATHS = NO;
				COPY_PHASE_STRIP = NO;
				GCC_DYNAMIC_NO_PIC = NO;
				GCC_PRECOMPILE_PREFIX_HEADER = YES;
				GCC_PREFIX_HEADER = "porster/porster-Prefix.pch";
				INFOPLIST_FILE = "porster/porster-Info.plist";
				PRODUCT_NAME = "$(TARGET_NAME)";
				WRAPPER_EXTENSION = app;
			};
			name = Debug;
		};
		75E80FDB1386387F008ECA06 /* Release */ = {
			isa = XCBuildConfiguration;
			buildSettings = {
				ALWAYS_SEARCH_USER_PATHS = NO;
				COPY_PHASE_STRIP = YES;
				GCC_PRECOMPILE_PREFIX_HEADER = YES;
				GCC_PREFIX_HEADER = "porster/porster-Prefix.pch";
				INFOPLIST_FILE = "porster/porster-Info.plist";
				PRODUCT_NAME = "$(TARGET_NAME)";
				VALIDATE_PRODUCT = YES;
				WRAPPER_EXTENSION = app;
			};
			name = Release;
		};
		75E80FDD1386387F008ECA06 /* Debug */ = {
			isa = XCBuildConfiguration;
			buildSettings = {
				ALWAYS_SEARCH_USER_PATHS = NO;
				BUNDLE_LOADER = "$(BUILT_PRODUCTS_DIR)/porster.app/porster";
				FRAMEWORK_SEARCH_PATHS = (
					"$(SDKROOT)/Developer/Library/Frameworks",
					"$(DEVELOPER_LIBRARY_DIR)/Frameworks",
				);
				GCC_PRECOMPILE_PREFIX_HEADER = YES;
				GCC_PREFIX_HEADER = "porsterTests/porsterTests-Prefix.pch";
				INFOPLIST_FILE = "porsterTests/porsterTests-Info.plist";
				OTHER_LDFLAGS = (
					"-framework",
					SenTestingKit,
				);
				PRODUCT_NAME = "$(TARGET_NAME)";
				TEST_HOST = "$(BUNDLE_LOADER)";
				WRAPPER_EXTENSION = octest;
			};
			name = Debug;
		};
		75E80FDE1386387F008ECA06 /* Release */ = {
			isa = XCBuildConfiguration;
			buildSettings = {
				ALWAYS_SEARCH_USER_PATHS = NO;
				BUNDLE_LOADER = "$(BUILT_PRODUCTS_DIR)/porster.app/porster";
				FRAMEWORK_SEARCH_PATHS = (
					"$(SDKROOT)/Developer/Library/Frameworks",
					"$(DEVELOPER_LIBRARY_DIR)/Frameworks",
				);
				GCC_PRECOMPILE_PREFIX_HEADER = YES;
				GCC_PREFIX_HEADER = "porsterTests/porsterTests-Prefix.pch";
				INFOPLIST_FILE = "porsterTests/porsterTests-Info.plist";
				OTHER_LDFLAGS = (
					"-framework",
					SenTestingKit,
				);
				PRODUCT_NAME = "$(TARGET_NAME)";
				TEST_HOST = "$(BUNDLE_LOADER)";
				WRAPPER_EXTENSION = octest;
			};
			name = Release;
		};
/* End XCBuildConfiguration section */

/* Begin XCConfigurationList section */
		75E80F9C1386387E008ECA06 /* Build configuration list for PBXProject "porster" */ = {
			isa = XCConfigurationList;
			buildConfigurations = (
				75E80FD71386387F008ECA06 /* Debug */,
				75E80FD81386387F008ECA06 /* Release */,
			);
			defaultConfigurationIsVisible = 0;
			defaultConfigurationName = Release;
		};
		75E80FD91386387F008ECA06 /* Build configuration list for PBXNativeTarget "porster" */ = {
			isa = XCConfigurationList;
			buildConfigurations = (
				75E80FDA1386387F008ECA06 /* Debug */,
				75E80FDB1386387F008ECA06 /* Release */,
			);
			defaultConfigurationIsVisible = 0;
			defaultConfigurationName = Release;
		};
		75E80FDC1386387F008ECA06 /* Build configuration list for PBXNativeTarget "porsterTests" */ = {
			isa = XCConfigurationList;
			buildConfigurations = (
				75E80FDD1386387F008ECA06 /* Debug */,
				75E80FDE1386387F008ECA06 /* Release */,
			);
			defaultConfigurationIsVisible = 0;
			defaultConfigurationName = Release;
		};
/* End XCConfigurationList section */
	};
	rootObject = 75E80F991386387E008ECA06 /* Project object */;
}
